
Microsoft Visual Studio Solution File, Format Version 12.00
# Visual Studio Version 17
VisualStudioVersion = 17.3.32922.545
MinimumVisualStudioVersion = 10.0.40219.1
Project("{FAE04EC0-301F-11D3-BF4B-00C04F79EFBC}") = "CashTracker.Core", "CashTracker.Core\CashTracker.Core.csproj", "{B4E307D8-6938-4BC9-BB52-0C8B5C097AC1}"
EndProject
Project("{FAE04EC0-301F-11D3-BF4B-00C04F79EFBC}") = "CashTracker.MAUI", "CashTracker.MAUI\CashTracker.MAUI.csproj", "{5CAA3F28-E5B8-4A18-BBC2-BEE256821051}"
EndProject
Global
	GlobalSection(SolutionConfigurationPlatforms) = preSolution
		Debug|Any CPU = Debug|Any CPU
		Release|Any CPU = Release|Any CPU
	EndGlobalSection
	GlobalSection(ProjectConfigurationPlatforms) = postSolution
		{B4E307D8-6938-4BC9-BB52-0C8B5C097AC1}.Debug|Any CPU.ActiveCfg = Debug|Any CPU
		{B4E307D8-6938-4BC9-BB52-0C8B5C097AC1}.Debug|Any CPU.Build.0 = Debug|Any CPU
		{B4E307D8-6938-4BC9-BB52-0C8B5C097AC1}.Release|Any CPU.ActiveCfg = Release|Any CPU
		{B4E307D8-6938-4BC9-BB52-0C8B5C097AC1}.Release|Any CPU.Build.0 = Release|Any CPU
		{5CAA3F28-E5B8-4A18-BBC2-BEE256821051}.Debug|Any CPU.ActiveCfg = Debug|Any CPU
		{5CAA3F28-E5B8-4A18-BBC2-BEE256821051}.Debug|Any CPU.Build.0 = Debug|Any CPU
		{5CAA3F28-E5B8-4A18-BBC2-BEE256821051}.Debug|Any CPU.Deploy.0 = Debug|Any CPU
		{5CAA3F28-E5B8-4A18-BBC2-BEE256821051}.Release|Any CPU.ActiveCfg = Release|Any CPU
		{5CAA3F28-E5B8-4A18-BBC2-BEE256821051}.Release|Any CPU.Build.0 = Release|Any CPU
		{5CAA3F28-E5B8-4A18-BBC2-BEE256821051}.Release|Any CPU.Deploy.0 = Release|Any CPU
	EndGlobalSection
	GlobalSection(SolutionProperties) = preSolution
		HideSolutionNode = FALSE
	EndGlobalSection
	GlobalSection(ExtensibilityGlobals) = postSolution
		SolutionGuid = {4160E5D7-CA76-4759-9C07-601668D315E7}
	EndGlobalSection
EndGlobal
